# This file was autogenerated by Stack.
# You should not edit this file by hand.
# For more information, please see the documentation at:
#   https://docs.haskellstack.org/en/stable/lock_files

packages:
- completed:
    name: type-level-kv-list
    version: 0.2.0.0
    git: https://github.com/arowM/type-level-kv-list
    pantry-tree:
      size: 653
      sha256: 16d4ca843feabd0ebab315b46de391848600912eb197348247f519d259bc4130
    commit: cf0732fb9ebb5a61c33fad0ded44c6e4c9a72c93
  original:
    git: https://github.com/arowM/type-level-kv-list
    commit: cf0732fb9ebb5a61c33fad0ded44c6e4c9a72c93
snapshots:
- completed:
    size: 619200
    url: https://raw.githubusercontent.com/commercialhaskell/stackage-snapshots/master/lts/19/30.yaml
    sha256: 9a74d76d250a455d9cd11e74f157e087787fa9aa3c4264e69c94703d1e71aede
  original: lts-19.30
